
Microsoft Visual Studio Solution File, Format Version 12.00
# Visual Studio 15
VisualStudioVersion = 15.0.26430.16
MinimumVisualStudioVersion = 10.0.40219.1
Project("{FAE04EC0-301F-11D3-BF4B-00C04F79EFBC}") = "UserCount", "UserCount\UserCount.csproj", "{DBF916AB-E8A6-422C-9FFA-930F77E480FE}"
EndProject
Project("{FAE04EC0-301F-11D3-BF4B-00C04F79EFBC}") = "UserCountAPI", "UserCountAPI\UserCountAPI.csproj", "{1AD5EA03-3D0A-406A-8AE6-A20FC6EA07DF}"
EndProject
Global
	GlobalSection(SolutionConfigurationPlatforms) = preSolution
		Debug|Any CPU = Debug|Any CPU
		Release|Any CPU = Release|Any CPU
	EndGlobalSection
	GlobalSection(ProjectConfigurationPlatforms) = postSolution
		{DBF916AB-E8A6-422C-9FFA-930F77E480FE}.Debug|Any CPU.ActiveCfg = Debug|Any CPU
		{DBF916AB-E8A6-422C-9FFA-930F77E480FE}.Debug|Any CPU.Build.0 = Debug|Any CPU
		{DBF916AB-E8A6-422C-9FFA-930F77E480FE}.Release|Any CPU.ActiveCfg = Release|Any CPU
		{DBF916AB-E8A6-422C-9FFA-930F77E480FE}.Release|Any CPU.Build.0 = Release|Any CPU
		{1AD5EA03-3D0A-406A-8AE6-A20FC6EA07DF}.Debug|Any CPU.ActiveCfg = Debug|Any CPU
		{1AD5EA03-3D0A-406A-8AE6-A20FC6EA07DF}.Debug|Any CPU.Build.0 = Debug|Any CPU
		{1AD5EA03-3D0A-406A-8AE6-A20FC6EA07DF}.Release|Any CPU.ActiveCfg = Release|Any CPU
		{1AD5EA03-3D0A-406A-8AE6-A20FC6EA07DF}.Release|Any CPU.Build.0 = Release|Any CPU
	EndGlobalSection
	GlobalSection(SolutionProperties) = preSolution
		HideSolutionNode = FALSE
	EndGlobalSection
EndGlobal
